
Microsoft Visual Studio Solution File, Format Version 12.00
# Visual Studio Version 16
VisualStudioVersion = 16.0.29009.5
MinimumVisualStudioVersion = 10.0.40219.1
Project("{FAE04EC0-301F-11D3-BF4B-00C04F79EFBC}") = "UmbValidationAttributes", "src\UmbValidationAttributes\UmbValidationAttributes.csproj", "{4398A7A6-7EB2-4AF5-86E9-866F2351E2BB}"
EndProject
Project("{2150E333-8FDC-42A3-9474-1A3956D46DE8}") = "Tests", "Tests", "{8EF1D7B2-6683-43E7-81CA-74AEF21C8614}"
EndProject
Project("{FAE04EC0-301F-11D3-BF4B-00C04F79EFBC}") = "UmbValidationAttributes.Test", "UmbValidationAttributes.Test\UmbValidationAttributes.Test.csproj", "{81482530-D953-4DD7-B658-AB7CFCE6D2AA}"
EndProject
Global
	GlobalSection(SolutionConfigurationPlatforms) = preSolution
		Debug|Any CPU = Debug|Any CPU
		Release|Any CPU = Release|Any CPU
	EndGlobalSection
	GlobalSection(ProjectConfigurationPlatforms) = postSolution
		{4398A7A6-7EB2-4AF5-86E9-866F2351E2BB}.Debug|Any CPU.ActiveCfg = Debug|Any CPU
		{4398A7A6-7EB2-4AF5-86E9-866F2351E2BB}.Debug|Any CPU.Build.0 = Debug|Any CPU
		{4398A7A6-7EB2-4AF5-86E9-866F2351E2BB}.Release|Any CPU.ActiveCfg = Release|Any CPU
		{4398A7A6-7EB2-4AF5-86E9-866F2351E2BB}.Release|Any CPU.Build.0 = Release|Any CPU
		{81482530-D953-4DD7-B658-AB7CFCE6D2AA}.Debug|Any CPU.ActiveCfg = Debug|Any CPU
		{81482530-D953-4DD7-B658-AB7CFCE6D2AA}.Debug|Any CPU.Build.0 = Debug|Any CPU
		{81482530-D953-4DD7-B658-AB7CFCE6D2AA}.Release|Any CPU.ActiveCfg = Release|Any CPU
		{81482530-D953-4DD7-B658-AB7CFCE6D2AA}.Release|Any CPU.Build.0 = Release|Any CPU
	EndGlobalSection
	GlobalSection(SolutionProperties) = preSolution
		HideSolutionNode = FALSE
	EndGlobalSection
	GlobalSection(NestedProjects) = preSolution
		{81482530-D953-4DD7-B658-AB7CFCE6D2AA} = {8EF1D7B2-6683-43E7-81CA-74AEF21C8614}
	EndGlobalSection
	GlobalSection(ExtensibilityGlobals) = postSolution
		SolutionGuid = {4F30FBE4-85D0-454B-9316-819FE79BA9E0}
	EndGlobalSection
EndGlobal
